
Microsoft Visual Studio Solution File, Format Version 12.00
# Visual Studio 15
VisualStudioVersion = 15.0.28010.2036
MinimumVisualStudioVersion = 10.0.40219.1
Project("{2150E333-8FDC-42A3-9474-1A3956D46DE8}") = "Solution Items", "Solution Items", "{D3BF8022-0808-43EF-8D5D-4ECDFBAE5EED}"
	ProjectSection(SolutionItems) = preProject
		Empire.css = Empire.css
		empire_fleet.html = empire_fleet.html
		formulary.html = formulary.html
		galaxy.html = galaxy.html
		homepage.html = homepage.html
		officers.html = officers.html
		script.js = script.js
		stormtroopers.html = stormtroopers.html
	EndProjectSection
EndProject
Global
	GlobalSection(SolutionProperties) = preSolution
		HideSolutionNode = FALSE
	EndGlobalSection
	GlobalSection(ExtensibilityGlobals) = postSolution
		SolutionGuid = {99D33B54-E661-4AC5-8468-A2E4EE84677C}
	EndGlobalSection
EndGlobal
